
Microsoft Visual Studio Solution File, Format Version 12.00
# Visual Studio Version 17
VisualStudioVersion = 17.12.35514.174
MinimumVisualStudioVersion = 10.0.40219.1
Project("{FAE04EC0-301F-11D3-BF4B-00C04F79EFBC}") = "Demo.PL", "Demo.PL\Demo.PL.csproj", "{7D95F10C-094A-4DEE-89C6-0015480C2DD1}"
EndProject
Project("{FAE04EC0-301F-11D3-BF4B-00C04F79EFBC}") = "Demo.DAL", "Demo.DAL\Demo.DAL.csproj", "{BC63D28E-3141-4532-AFB9-DAAA23194C6F}"
EndProject
Project("{FAE04EC0-301F-11D3-BF4B-00C04F79EFBC}") = "Demo.BLL", "Demo.BLL\Demo.BLL.csproj", "{52CA0678-1C06-4643-9E3E-291FBBB6EE7D}"
EndProject
Global
	GlobalSection(SolutionConfigurationPlatforms) = preSolution
		Debug|Any CPU = Debug|Any CPU
		Release|Any CPU = Release|Any CPU
	EndGlobalSection
	GlobalSection(ProjectConfigurationPlatforms) = postSolution
		{7D95F10C-094A-4DEE-89C6-0015480C2DD1}.Debug|Any CPU.ActiveCfg = Debug|Any CPU
		{7D95F10C-094A-4DEE-89C6-0015480C2DD1}.Debug|Any CPU.Build.0 = Debug|Any CPU
		{7D95F10C-094A-4DEE-89C6-0015480C2DD1}.Release|Any CPU.ActiveCfg = Release|Any CPU
		{7D95F10C-094A-4DEE-89C6-0015480C2DD1}.Release|Any CPU.Build.0 = Release|Any CPU
		{BC63D28E-3141-4532-AFB9-DAAA23194C6F}.Debug|Any CPU.ActiveCfg = Debug|Any CPU
		{BC63D28E-3141-4532-AFB9-DAAA23194C6F}.Debug|Any CPU.Build.0 = Debug|Any CPU
		{BC63D28E-3141-4532-AFB9-DAAA23194C6F}.Release|Any CPU.ActiveCfg = Release|Any CPU
		{BC63D28E-3141-4532-AFB9-DAAA23194C6F}.Release|Any CPU.Build.0 = Release|Any CPU
		{52CA0678-1C06-4643-9E3E-291FBBB6EE7D}.Debug|Any CPU.ActiveCfg = Debug|Any CPU
		{52CA0678-1C06-4643-9E3E-291FBBB6EE7D}.Debug|Any CPU.Build.0 = Debug|Any CPU
		{52CA0678-1C06-4643-9E3E-291FBBB6EE7D}.Release|Any CPU.ActiveCfg = Release|Any CPU
		{52CA0678-1C06-4643-9E3E-291FBBB6EE7D}.Release|Any CPU.Build.0 = Release|Any CPU
	EndGlobalSection
	GlobalSection(SolutionProperties) = preSolution
		HideSolutionNode = FALSE
	EndGlobalSection
EndGlobal
